// !$*UTF8*$!
{
	archiveVersion = 1;
	classes = {
	};
	objectVersion = 55;
	objects = {

/* Begin PBXBuildFile section */
		5211DD1128D82A1200F6CF92 /* ClassFile.swift in Sources */ = {isa = PBXBuildFile; fileRef = 5211DD1028D82A1200F6CF92 /* ClassFile.swift */; };
		5211DD1228D82A1200F6CF92 /* ClassFile.swift in Sources */ = {isa = PBXBuildFile; fileRef = 5211DD1028D82A1200F6CF92 /* ClassFile.swift */; };
		5211DD1428D83D8A00F6CF92 /* Screen3.swift in Sources */ = {isa = PBXBuildFile; fileRef = 5211DD1328D83D8A00F6CF92 /* Screen3.swift */; };
		5211DD1528D83D8A00F6CF92 /* Screen3.swift in Sources */ = {isa = PBXBuildFile; fileRef = 5211DD1328D83D8A00F6CF92 /* Screen3.swift */; };
		5211DD1728D85E0A00F6CF92 /* ImageURLCache.swift in Sources */ = {isa = PBXBuildFile; fileRef = 5211DD1628D85E0A00F6CF92 /* ImageURLCache.swift */; };
		5211DD1828D85E0A00F6CF92 /* ImageURLCache.swift in Sources */ = {isa = PBXBuildFile; fileRef = 5211DD1628D85E0A00F6CF92 /* ImageURLCache.swift */; };
		52B57DE328D5A5C500787D59 /* Tests_iOS.swift in Sources */ = {isa = PBXBuildFile; fileRef = 52B57DE228D5A5C500787D59 /* Tests_iOS.swift */; };
		52B57DE528D5A5C500787D59 /* Tests_iOSLaunchTests.swift in Sources */ = {isa = PBXBuildFile; fileRef = 52B57DE428D5A5C500787D59 /* Tests_iOSLaunchTests.swift */; };
		52B57DEF28D5A5C500787D59 /* Tests_macOS.swift in Sources */ = {isa = PBXBuildFile; fileRef = 52B57DEE28D5A5C500787D59 /* Tests_macOS.swift */; };
		52B57DF128D5A5C500787D59 /* Tests_macOSLaunchTests.swift in Sources */ = {isa = PBXBuildFile; fileRef = 52B57DF028D5A5C500787D59 /* Tests_macOSLaunchTests.swift */; };
		52B57DF228D5A5C500787D59 /* Task4App.swift in Sources */ = {isa = PBXBuildFile; fileRef = 52B57DCA28D5A5C400787D59 /* Task4App.swift */; };
		52B57DF328D5A5C500787D59 /* Task4App.swift in Sources */ = {isa = PBXBuildFile; fileRef = 52B57DCA28D5A5C400787D59 /* Task4App.swift */; };
		52B57DF428D5A5C500787D59 /* ContentView.swift in Sources */ = {isa = PBXBuildFile; fileRef = 52B57DCB28D5A5C400787D59 /* ContentView.swift */; };
		52B57DF528D5A5C500787D59 /* ContentView.swift in Sources */ = {isa = PBXBuildFile; fileRef = 52B57DCB28D5A5C400787D59 /* ContentView.swift */; };
		52B57DF628D5A5C500787D59 /* Assets.xcassets in Resources */ = {isa = PBXBuildFile; fileRef = 52B57DCC28D5A5C500787D59 /* Assets.xcassets */; };
		52B57DF728D5A5C500787D59 /* Assets.xcassets in Resources */ = {isa = PBXBuildFile; fileRef = 52B57DCC28D5A5C500787D59 /* Assets.xcassets */; };
		52B57E0728D5D0D900787D59 /* Screen1.swift in Sources */ = {isa = PBXBuildFile; fileRef = 52B57E0628D5D0D900787D59 /* Screen1.swift */; };
		52B57E0828D5D0D900787D59 /* Screen1.swift in Sources */ = {isa = PBXBuildFile; fileRef = 52B57E0628D5D0D900787D59 /* Screen1.swift */; };
		52B57E0A28D5E4E500787D59 /* Screen2.swift in Sources */ = {isa = PBXBuildFile; fileRef = 52B57E0928D5E4E500787D59 /* Screen2.swift */; };
		52B57E0B28D5E4E500787D59 /* Screen2.swift in Sources */ = {isa = PBXBuildFile; fileRef = 52B57E0928D5E4E500787D59 /* Screen2.swift */; };
/* End PBXBuildFile section */

/* Begin PBXContainerItemProxy section */
		52B57DDF28D5A5C500787D59 /* PBXContainerItemProxy */ = {
			isa = PBXContainerItemProxy;
			containerPortal = 52B57DC528D5A5C300787D59 /* Project object */;
			proxyType = 1;
			remoteGlobalIDString = 52B57DD028D5A5C500787D59;
			remoteInfo = "Task4 (iOS)";
		};
		52B57DEB28D5A5C500787D59 /* PBXContainerItemProxy */ = {
			isa = PBXContainerItemProxy;
			containerPortal = 52B57DC528D5A5C300787D59 /* Project object */;
			proxyType = 1;
			remoteGlobalIDString = 52B57DD628D5A5C500787D59;
			remoteInfo = "Task4 (macOS)";
		};
/* End PBXContainerItemProxy section */

/* Begin PBXFileReference section */
		5211DD1028D82A1200F6CF92 /* ClassFile.swift */ = {isa = PBXFileReference; lastKnownFileType = sourcecode.swift; path = ClassFile.swift; sourceTree = "<group>"; };
		5211DD1328D83D8A00F6CF92 /* Screen3.swift */ = {isa = PBXFileReference; lastKnownFileType = sourcecode.swift; path = Screen3.swift; sourceTree = "<group>"; };
		5211DD1628D85E0A00F6CF92 /* ImageURLCache.swift */ = {isa = PBXFileReference; fileEncoding = 4; lastKnownFileType = sourcecode.swift; path = ImageURLCache.swift; sourceTree = "<group>"; };
		52B57DCA28D5A5C400787D59 /* Task4App.swift */ = {isa = PBXFileReference; lastKnownFileType = sourcecode.swift; path = Task4App.swift; sourceTree = "<group>"; };
		52B57DCB28D5A5C400787D59 /* ContentView.swift */ = {isa = PBXFileReference; lastKnownFileType = sourcecode.swift; path = ContentView.swift; sourceTree = "<group>"; };
		52B57DCC28D5A5C500787D59 /* Assets.xcassets */ = {isa = PBXFileReference; lastKnownFileType = folder.assetcatalog; path = Assets.xcassets; sourceTree = "<group>"; };
		52B57DD128D5A5C500787D59 /* Task4.app */ = {isa = PBXFileReference; explicitFileType = wrapper.application; includeInIndex = 0; path = Task4.app; sourceTree = BUILT_PRODUCTS_DIR; };
		52B57DD728D5A5C500787D59 /* Task4.app */ = {isa = PBXFileReference; explicitFileType = wrapper.application; includeInIndex = 0; path = Task4.app; sourceTree = BUILT_PRODUCTS_DIR; };
		52B57DD928D5A5C500787D59 /* macOS.entitlements */ = {isa = PBXFileReference; lastKnownFileType = text.plist.entitlements; path = macOS.entitlements; sourceTree = "<group>"; };
		52B57DDE28D5A5C500787D59 /* Tests iOS.xctest */ = {isa = PBXFileReference; explicitFileType = wrapper.cfbundle; includeInIndex = 0; path = "Tests iOS.xctest"; sourceTree = BUILT_PRODUCTS_DIR; };
		52B57DE228D5A5C500787D59 /* Tests_iOS.swift */ = {isa = PBXFileReference; lastKnownFileType = sourcecode.swift; path = Tests_iOS.swift; sourceTree = "<group>"; };
		52B57DE428D5A5C500787D59 /* Tests_iOSLaunchTests.swift */ = {isa = PBXFileReference; lastKnownFileType = sourcecode.swift; path = Tests_iOSLaunchTests.swift; sourceTree = "<group>"; };
		52B57DEA28D5A5C500787D59 /* Tests macOS.xctest */ = {isa = PBXFileReference; explicitFileType = wrapper.cfbundle; includeInIndex = 0; path = "Tests macOS.xctest"; sourceTree = BUILT_PRODUCTS_DIR; };
		52B57DEE28D5A5C500787D59 /* Tests_macOS.swift */ = {isa = PBXFileReference; lastKnownFileType = sourcecode.swift; path = Tests_macOS.swift; sourceTree = "<group>"; };
		52B57DF028D5A5C500787D59 /* Tests_macOSLaunchTests.swift */ = {isa = PBXFileReference; lastKnownFileType = sourcecode.swift; path = Tests_macOSLaunchTests.swift; sourceTree = "<group>"; };
		52B57E0628D5D0D900787D59 /* Screen1.swift */ = {isa = PBXFileReference; lastKnownFileType = sourcecode.swift; path = Screen1.swift; sourceTree = "<group>"; };
		52B57E0928D5E4E500787D59 /* Screen2.swift */ = {isa = PBXFileReference; lastKnownFileType = sourcecode.swift; path = Screen2.swift; sourceTree = "<group>"; };
/* End PBXFileReference section */

/* Begin PBXFrameworksBuildPhase section */
		52B57DCE28D5A5C500787D59 /* Frameworks */ = {
			isa = PBXFrameworksBuildPhase;
			buildActionMask = 2147483647;
			files = (
			);
			runOnlyForDeploymentPostprocessing = 0;
		};
		52B57DD428D5A5C500787D59 /* Frameworks */ = {
			isa = PBXFrameworksBuildPhase;
			buildActionMask = 2147483647;
			files = (
			);
			runOnlyForDeploymentPostprocessing = 0;
		};
		52B57DDB28D5A5C500787D59 /* Frameworks */ = {
			isa = PBXFrameworksBuildPhase;
			buildActionMask = 2147483647;
			files = (
			);
			runOnlyForDeploymentPostprocessing = 0;
		};
		52B57DE728D5A5C500787D59 /* Frameworks */ = {
			isa = PBXFrameworksBuildPhase;
			buildActionMask = 2147483647;
			files = (
			);
			runOnlyForDeploymentPostprocessing = 0;
		};
/* End PBXFrameworksBuildPhase section */

/* Begin PBXGroup section */
		52B57DC428D5A5C300787D59 = {
			isa = PBXGroup;
			children = (
				52B57DC928D5A5C300787D59 /* Shared */,
				52B57DD828D5A5C500787D59 /* macOS */,
				52B57DE128D5A5C500787D59 /* Tests iOS */,
				52B57DED28D5A5C500787D59 /* Tests macOS */,
				52B57DD228D5A5C500787D59 /* Products */,
			);
			sourceTree = "<group>";
		};
		52B57DC928D5A5C300787D59 /* Shared */ = {
			isa = PBXGroup;
			children = (
				52B57DCA28D5A5C400787D59 /* Task4App.swift */,
				52B57DCB28D5A5C400787D59 /* ContentView.swift */,
				52B57DCC28D5A5C500787D59 /* Assets.xcassets */,
				52B57E0628D5D0D900787D59 /* Screen1.swift */,
				52B57E0928D5E4E500787D59 /* Screen2.swift */,
				5211DD1028D82A1200F6CF92 /* ClassFile.swift */,
				5211DD1328D83D8A00F6CF92 /* Screen3.swift */,
				5211DD1628D85E0A00F6CF92 /* ImageURLCache.swift */,
			);
			path = Shared;
			sourceTree = "<group>";
		};
		52B57DD228D5A5C500787D59 /* Products */ = {
			isa = PBXGroup;
			children = (
				52B57DD128D5A5C500787D59 /* Task4.app */,
				52B57DD728D5A5C500787D59 /* Task4.app */,
				52B57DDE28D5A5C500787D59 /* Tests iOS.xctest */,
				52B57DEA28D5A5C500787D59 /* Tests macOS.xctest */,
			);
			name = Products;
			sourceTree = "<group>";
		};
		52B57DD828D5A5C500787D59 /* macOS */ = {
			isa = PBXGroup;
			children = (
				52B57DD928D5A5C500787D59 /* macOS.entitlements */,
			);
			path = macOS;
			sourceTree = "<group>";
		};
		52B57DE128D5A5C500787D59 /* Tests iOS */ = {
			isa = PBXGroup;
			children = (
				52B57DE228D5A5C500787D59 /* Tests_iOS.swift */,
				52B57DE428D5A5C500787D59 /* Tests_iOSLaunchTests.swift */,
			);
			path = "Tests iOS";
			sourceTree = "<group>";
		};
		52B57DED28D5A5C500787D59 /* Tests macOS */ = {
			isa = PBXGroup;
			children = (
				52B57DEE28D5A5C500787D59 /* Tests_macOS.swift */,
				52B57DF028D5A5C500787D59 /* Tests_macOSLaunchTests.swift */,
			);
			path = "Tests macOS";
			sourceTree = "<group>";
		};
/* End PBXGroup section */

/* Begin PBXNativeTarget section */
		52B57DD028D5A5C500787D59 /* Task4 (iOS) */ = {
			isa = PBXNativeTarget;
			buildConfigurationList = 52B57DFA28D5A5C500787D59 /* Build configuration list for PBXNativeTarget "Task4 (iOS)" */;
			buildPhases = (
				52B57DCD28D5A5C500787D59 /* Sources */,
				52B57DCE28D5A5C500787D59 /* Frameworks */,
				52B57DCF28D5A5C500787D59 /* Resources */,
			);
			buildRules = (
			);
			dependencies = (
			);
			name = "Task4 (iOS)";
			productName = "Task4 (iOS)";
			productReference = 52B57DD128D5A5C500787D59 /* Task4.app */;
			productType = "com.apple.product-type.application";
		};
		52B57DD628D5A5C500787D59 /* Task4 (macOS) */ = {
			isa = PBXNativeTarget;
			buildConfigurationList = 52B57DFD28D5A5C500787D59 /* Build configuration list for PBXNativeTarget "Task4 (macOS)" */;
			buildPhases = (
				52B57DD328D5A5C500787D59 /* Sources */,
				52B57DD428D5A5C500787D59 /* Frameworks */,
				52B57DD528D5A5C500787D59 /* Resources */,
			);
			buildRules = (
			);
			dependencies = (
			);
			name = "Task4 (macOS)";
			productName = "Task4 (macOS)";
			productReference = 52B57DD728D5A5C500787D59 /* Task4.app */;
			productType = "com.apple.product-type.application";
		};
		52B57DDD28D5A5C500787D59 /* Tests iOS */ = {
			isa = PBXNativeTarget;
			buildConfigurationList = 52B57E0028D5A5C500787D59 /* Build configuration list for PBXNativeTarget "Tests iOS" */;
			buildPhases = (
				52B57DDA28D5A5C500787D59 /* Sources */,
				52B57DDB28D5A5C500787D59 /* Frameworks */,
				52B57DDC28D5A5C500787D59 /* Resources */,
			);
			buildRules = (
			);
			dependencies = (
				52B57DE028D5A5C500787D59 /* PBXTargetDependency */,
			);
			name = "Tests iOS";
			productName = "Tests iOS";
			productReference = 52B57DDE28D5A5C500787D59 /* Tests iOS.xctest */;
			productType = "com.apple.product-type.bundle.ui-testing";
		};
		52B57DE928D5A5C500787D59 /* Tests macOS */ = {
			isa = PBXNativeTarget;
			buildConfigurationList = 52B57E0328D5A5C500787D59 /* Build configuration list for PBXNativeTarget "Tests macOS" */;
			buildPhases = (
				52B57DE628D5A5C500787D59 /* Sources */,
				52B57DE728D5A5C500787D59 /* Frameworks */,
				52B57DE828D5A5C500787D59 /* Resources */,
			);
			buildRules = (
			);
			dependencies = (
				52B57DEC28D5A5C500787D59 /* PBXTargetDependency */,
			);
			name = "Tests macOS";
			productName = "Tests macOS";
			productReference = 52B57DEA28D5A5C500787D59 /* Tests macOS.xctest */;
			productType = "com.apple.product-type.bundle.ui-testing";
		};
/* End PBXNativeTarget section */

/* Begin PBXProject section */
		52B57DC528D5A5C300787D59 /* Project object */ = {
			isa = PBXProject;
			attributes = {
				BuildIndependentTargetsInParallel = 1;
				LastSwiftUpdateCheck = 1340;
				LastUpgradeCheck = 1340;
				TargetAttributes = {
					52B57DD028D5A5C500787D59 = {
						CreatedOnToolsVersion = 13.4.1;
					};
					52B57DD628D5A5C500787D59 = {
						CreatedOnToolsVersion = 13.4.1;
					};
					52B57DDD28D5A5C500787D59 = {
						CreatedOnToolsVersion = 13.4.1;
						TestTargetID = 52B57DD028D5A5C500787D59;
					};
					52B57DE928D5A5C500787D59 = {
						CreatedOnToolsVersion = 13.4.1;
						TestTargetID = 52B57DD628D5A5C500787D59;
					};
				};
			};
			buildConfigurationList = 52B57DC828D5A5C300787D59 /* Build configuration list for PBXProject "Task4" */;
			compatibilityVersion = "Xcode 13.0";
			developmentRegion = en;
			hasScannedForEncodings = 0;
			knownRegions = (
				en,
				Base,
			);
			mainGroup = 52B57DC428D5A5C300787D59;
			productRefGroup = 52B57DD228D5A5C500787D59 /* Products */;
			projectDirPath = "";
			projectRoot = "";
			targets = (
				52B57DD028D5A5C500787D59 /* Task4 (iOS) */,
				52B57DD628D5A5C500787D59 /* Task4 (macOS) */,
				52B57DDD28D5A5C500787D59 /* Tests iOS */,
				52B57DE928D5A5C500787D59 /* Tests macOS */,
			);
		};
/* End PBXProject section */

/* Begin PBXResourcesBuildPhase section */
		52B57DCF28D5A5C500787D59 /* Resources */ = {
			isa = PBXResourcesBuildPhase;
			buildActionMask = 2147483647;
			files = (
				52B57DF628D5A5C500787D59 /* Assets.xcassets in Resources */,
			);
			runOnlyForDeploymentPostprocessing = 0;
		};
		52B57DD528D5A5C500787D59 /* Resources */ = {
			isa = PBXResourcesBuildPhase;
			buildActionMask = 2147483647;
			files = (
				52B57DF728D5A5C500787D59 /* Assets.xcassets in Resources */,
			);
			runOnlyForDeploymentPostprocessing = 0;
		};
		52B57DDC28D5A5C500787D59 /* Resources */ = {
			isa = PBXResourcesBuildPhase;
			buildActionMask = 2147483647;
			files = (
			);
			runOnlyForDeploymentPostprocessing = 0;
		};
		52B57DE828D5A5C500787D59 /* Resources */ = {
			isa = PBXResourcesBuildPhase;
			buildActionMask = 2147483647;
			files = (
			);
			runOnlyForDeploymentPostprocessing = 0;
		};
/* End PBXResourcesBuildPhase section */

/* Begin PBXSourcesBuildPhase section */
		52B57DCD28D5A5C500787D59 /* Sources */ = {
			isa = PBXSourcesBuildPhase;
			buildActionMask = 2147483647;
			files = (
				5211DD1428D83D8A00F6CF92 /* Screen3.swift in Sources */,
				5211DD1128D82A1200F6CF92 /* ClassFile.swift in Sources */,
				52B57E0728D5D0D900787D59 /* Screen1.swift in Sources */,
				5211DD1728D85E0A00F6CF92 /* ImageURLCache.swift in Sources */,
				52B57DF428D5A5C500787D59 /* ContentView.swift in Sources */,
				52B57E0A28D5E4E500787D59 /* Screen2.swift in Sources */,
				52B57DF228D5A5C500787D59 /* Task4App.swift in Sources */,
			);
			runOnlyForDeploymentPostprocessing = 0;
		};
		52B57DD328D5A5C500787D59 /* Sources */ = {
			isa = PBXSourcesBuildPhase;
			buildActionMask = 2147483647;
			files = (
				5211DD1528D83D8A00F6CF92 /* Screen3.swift in Sources */,
				5211DD1228D82A1200F6CF92 /* ClassFile.swift in Sources */,
				52B57E0828D5D0D900787D59 /* Screen1.swift in Sources */,
				5211DD1828D85E0A00F6CF92 /* ImageURLCache.swift in Sources */,
				52B57DF528D5A5C500787D59 /* ContentView.swift in Sources */,
				52B57E0B28D5E4E500787D59 /* Screen2.swift in Sources */,
				52B57DF328D5A5C500787D59 /* Task4App.swift in Sources */,
			);
			runOnlyForDeploymentPostprocessing = 0;
		};
		52B57DDA28D5A5C500787D59 /* Sources */ = {
			isa = PBXSourcesBuildPhase;
			buildActionMask = 2147483647;
			files = (
				52B57DE528D5A5C500787D59 /* Tests_iOSLaunchTests.swift in Sources */,
				52B57DE328D5A5C500787D59 /* Tests_iOS.swift in Sources */,
			);
			runOnlyForDeploymentPostprocessing = 0;
		};
		52B57DE628D5A5C500787D59 /* Sources */ = {
			isa = PBXSourcesBuildPhase;
			buildActionMask = 2147483647;
			files = (
				52B57DF128D5A5C500787D59 /* Tests_macOSLaunchTests.swift in Sources */,
				52B57DEF28D5A5C500787D59 /* Tests_macOS.swift in Sources */,
			);
			runOnlyForDeploymentPostprocessing = 0;
		};
/* End PBXSourcesBuildPhase section */

/* Begin PBXTargetDependency section */
		52B57DE028D5A5C500787D59 /* PBXTargetDependency */ = {
			isa = PBXTargetDependency;
			target = 52B57DD028D5A5C500787D59 /* Task4 (iOS) */;
			targetProxy = 52B57DDF28D5A5C500787D59 /* PBXContainerItemProxy */;
		};
		52B57DEC28D5A5C500787D59 /* PBXTargetDependency */ = {
			isa = PBXTargetDependency;
			target = 52B57DD628D5A5C500787D59 /* Task4 (macOS) */;
			targetProxy = 52B57DEB28D5A5C500787D59 /* PBXContainerItemProxy */;
		};
/* End PBXTargetDependency section */

/* Begin XCBuildConfiguration section */
		52B57DF828D5A5C500787D59 /* Debug */ = {
			isa = XCBuildConfiguration;
			buildSettings = {
				ALWAYS_SEARCH_USER_PATHS = NO;
				CLANG_ANALYZER_NONNULL = YES;
				CLANG_ANALYZER_NUMBER_OBJECT_CONVERSION = YES_AGGRESSIVE;
				CLANG_CXX_LANGUAGE_STANDARD = "gnu++17";
				CLANG_ENABLE_MODULES = YES;
				CLANG_ENABLE_OBJC_ARC = YES;
				CLANG_ENABLE_OBJC_WEAK = YES;
				CLANG_WARN_BLOCK_CAPTURE_AUTORELEASING = YES;
				CLANG_WARN_BOOL_CONVERSION = YES;
				CLANG_WARN_COMMA = YES;
				CLANG_WARN_CONSTANT_CONVERSION = YES;
				CLANG_WARN_DEPRECATED_OBJC_IMPLEMENTATIONS = YES;
				CLANG_WARN_DIRECT_OBJC_ISA_USAGE = YES_ERROR;
				CLANG_WARN_DOCUMENTATION_COMMENTS = YES;
				CLANG_WARN_EMPTY_BODY = YES;
				CLANG_WARN_ENUM_CONVERSION = YES;
				CLANG_WARN_INFINITE_RECURSION = YES;
				CLANG_WARN_INT_CONVERSION = YES;
				CLANG_WARN_NON_LITERAL_NULL_CONVERSION = YES;
				CLANG_WARN_OBJC_IMPLICIT_RETAIN_SELF = YES;
				CLANG_WARN_OBJC_LITERAL_CONVERSION = YES;
				CLANG_WARN_OBJC_ROOT_CLASS = YES_ERROR;
				CLANG_WARN_QUOTED_INCLUDE_IN_FRAMEWORK_HEADER = YES;
				CLANG_WARN_RANGE_LOOP_ANALYSIS = YES;
				CLANG_WARN_STRICT_PROTOTYPES = YES;
				CLANG_WARN_SUSPICIOUS_MOVE = YES;
				CLANG_WARN_UNGUARDED_AVAILABILITY = YES_AGGRESSIVE;
				CLANG_WARN_UNREACHABLE_CODE = YES;
				CLANG_WARN__DUPLICATE_METHOD_MATCH = YES;
				COPY_PHASE_STRIP = NO;
				DEBUG_INFORMATION_FORMAT = dwarf;
				ENABLE_STRICT_OBJC_MSGSEND = YES;
				ENABLE_TESTABILITY = YES;
				GCC_C_LANGUAGE_STANDARD = gnu11;
				GCC_DYNAMIC_NO_PIC = NO;
				GCC_NO_COMMON_BLOCKS = YES;
				GCC_OPTIMIZATION_LEVEL = 0;
				GCC_PREPROCESSOR_DEFINITIONS = (
					"DEBUG=1",
					"$(inherited)",
				);
				GCC_WARN_64_TO_32_BIT_CONVERSION = YES;
				GCC_WARN_ABOUT_RETURN_TYPE = YES_ERROR;
				GCC_WARN_UNDECLARED_SELECTOR = YES;
				GCC_WARN_UNINITIALIZED_AUTOS = YES_AGGRESSIVE;
				GCC_WARN_UNUSED_FUNCTION = YES;
				GCC_WARN_UNUSED_VARIABLE = YES;
				MTL_ENABLE_DEBUG_INFO = INCLUDE_SOURCE;
				MTL_FAST_MATH = YES;
				ONLY_ACTIVE_ARCH = YES;
				SWIFT_ACTIVE_COMPILATION_CONDITIONS = DEBUG;
				SWIFT_OPTIMIZATION_LEVEL = "-Onone";
			};
			name = Debug;
		};
		52B57DF928D5A5C500787D59 /* Release */ = {
			isa = XCBuildConfiguration;
			buildSettings = {
				ALWAYS_SEARCH_USER_PATHS = NO;
				CLANG_ANALYZER_NONNULL = YES;
				CLANG_ANALYZER_NUMBER_OBJECT_CONVERSION = YES_AGGRESSIVE;
				CLANG_CXX_LANGUAGE_STANDARD = "gnu++17";
				CLANG_ENABLE_MODULES = YES;
				CLANG_ENABLE_OBJC_ARC = YES;
				CLANG_ENABLE_OBJC_WEAK = YES;
				CLANG_WARN_BLOCK_CAPTURE_AUTORELEASING = YES;
				CLANG_WARN_BOOL_CONVERSION = YES;
				CLANG_WARN_COMMA = YES;
				CLANG_WARN_CONSTANT_CONVERSION = YES;
				CLANG_WARN_DEPRECATED_OBJC_IMPLEMENTATIONS = YES;
				CLANG_WARN_DIRECT_OBJC_ISA_USAGE = YES_ERROR;
				CLANG_WARN_DOCUMENTATION_COMMENTS = YES;
				CLANG_WARN_EMPTY_BODY = YES;
				CLANG_WARN_ENUM_CONVERSION = YES;
				CLANG_WARN_INFINITE_RECURSION = YES;
				CLANG_WARN_INT_CONVERSION = YES;
				CLANG_WARN_NON_LITERAL_NULL_CONVERSION = YES;
				CLANG_WARN_OBJC_IMPLICIT_RETAIN_SELF = YES;
				CLANG_WARN_OBJC_LITERAL_CONVERSION = YES;
				CLANG_WARN_OBJC_ROOT_CLASS = YES_ERROR;
				CLANG_WARN_QUOTED_INCLUDE_IN_FRAMEWORK_HEADER = YES;
				CLANG_WARN_RANGE_LOOP_ANALYSIS = YES;
				CLANG_WARN_STRICT_PROTOTYPES = YES;
				CLANG_WARN_SUSPICIOUS_MOVE = YES;
				CLANG_WARN_UNGUARDED_AVAILABILITY = YES_AGGRESSIVE;
				CLANG_WARN_UNREACHABLE_CODE = YES;
				CLANG_WARN__DUPLICATE_METHOD_MATCH = YES;
				COPY_PHASE_STRIP = NO;
				DEBUG_INFORMATION_FORMAT = "dwarf-with-dsym";
				ENABLE_NS_ASSERTIONS = NO;
				ENABLE_STRICT_OBJC_MSGSEND = YES;
				GCC_C_LANGUAGE_STANDARD = gnu11;
				GCC_NO_COMMON_BLOCKS = YES;
				GCC_WARN_64_TO_32_BIT_CONVERSION = YES;
				GCC_WARN_ABOUT_RETURN_TYPE = YES_ERROR;
				GCC_WARN_UNDECLARED_SELECTOR = YES;
				GCC_WARN_UNINITIALIZED_AUTOS = YES_AGGRESSIVE;
				GCC_WARN_UNUSED_FUNCTION = YES;
				GCC_WARN_UNUSED_VARIABLE = YES;
				MTL_ENABLE_DEBUG_INFO = NO;
				MTL_FAST_MATH = YES;
				SWIFT_COMPILATION_MODE = wholemodule;
				SWIFT_OPTIMIZATION_LEVEL = "-O";
			};
			name = Release;
		};
		52B57DFB28D5A5C500787D59 /* Debug */ = {
			isa = XCBuildConfiguration;
			buildSettings = {
				ASSETCATALOG_COMPILER_APPICON_NAME = AppIcon;
				ASSETCATALOG_COMPILER_GLOBAL_ACCENT_COLOR_NAME = AccentColor;
				CODE_SIGN_STYLE = Automatic;
				CURRENT_PROJECT_VERSION = 1;
				ENABLE_PREVIEWS = YES;
				GENERATE_INFOPLIST_FILE = YES;
				INFOPLIST_KEY_UIApplicationSceneManifest_Generation = YES;
				INFOPLIST_KEY_UIApplicationSupportsIndirectInputEvents = YES;
				INFOPLIST_KEY_UILaunchScreen_Generation = YES;
				INFOPLIST_KEY_UISupportedInterfaceOrientations_iPad = "UIInterfaceOrientationPortrait UIInterfaceOrientationPortraitUpsideDown UIInterfaceOrientationLandscapeLeft UIInterfaceOrientationLandscapeRight";
				INFOPLIST_KEY_UISupportedInterfaceOrientations_iPhone = "UIInterfaceOrientationPortrait UIInterfaceOrientationLandscapeLeft UIInterfaceOrientationLandscapeRight";
				IPHONEOS_DEPLOYMENT_TARGET = 15.5;
				LD_RUNPATH_SEARCH_PATHS = (
					"$(inherited)",
					"@executable_path/Frameworks",
				);
				MARKETING_VERSION = 1.0;
				PRODUCT_BUNDLE_IDENTIFIER = com.skyraan.swiftUIsection1.Task4;
				PRODUCT_NAME = Task4;
				SDKROOT = iphoneos;
				SWIFT_EMIT_LOC_STRINGS = YES;
				SWIFT_VERSION = 5.0;
				TARGETED_DEVICE_FAMILY = "1,2";
			};
			name = Debug;
		};
		52B57DFC28D5A5C500787D59 /* Release */ = {
			isa = XCBuildConfiguration;
			buildSettings = {
				ASSETCATALOG_COMPILER_APPICON_NAME = AppIcon;
				ASSETCATALOG_COMPILER_GLOBAL_ACCENT_COLOR_NAME = AccentColor;
				CODE_SIGN_STYLE = Automatic;
				CURRENT_PROJECT_VERSION = 1;
				ENABLE_PREVIEWS = YES;
				GENERATE_INFOPLIST_FILE = YES;
				INFOPLIST_KEY_UIApplicationSceneManifest_Generation = YES;
				INFOPLIST_KEY_UIApplicationSupportsIndirectInputEvents = YES;
				INFOPLIST_KEY_UILaunchScreen_Generation = YES;
				INFOPLIST_KEY_UISupportedInterfaceOrientations_iPad = "UIInterfaceOrientationPortrait UIInterfaceOrientationPortraitUpsideDown UIInterfaceOrientationLandscapeLeft UIInterfaceOrientationLandscapeRight";
				INFOPLIST_KEY_UISupportedInterfaceOrientations_iPhone = "UIInterfaceOrientationPortrait UIInterfaceOrientationLandscapeLeft UIInterfaceOrientationLandscapeRight";
				IPHONEOS_DEPLOYMENT_TARGET = 15.5;
				LD_RUNPATH_SEARCH_PATHS = (
					"$(inherited)",
					"@executable_path/Frameworks",
				);
				MARKETING_VERSION = 1.0;
				PRODUCT_BUNDLE_IDENTIFIER = com.skyraan.swiftUIsection1.Task4;
				PRODUCT_NAME = Task4;
				SDKROOT = iphoneos;
				SWIFT_EMIT_LOC_STRINGS = YES;
				SWIFT_VERSION = 5.0;
				TARGETED_DEVICE_FAMILY = "1,2";
				VALIDATE_PRODUCT = YES;
			};
			name = Release;
		};
		52B57DFE28D5A5C500787D59 /* Debug */ = {
			isa = XCBuildConfiguration;
			buildSettings = {
				ASSETCATALOG_COMPILER_APPICON_NAME = AppIcon;
				ASSETCATALOG_COMPILER_GLOBAL_ACCENT_COLOR_NAME = AccentColor;
				CODE_SIGN_ENTITLEMENTS = macOS/macOS.entitlements;
				CODE_SIGN_STYLE = Automatic;
				COMBINE_HIDPI_IMAGES = YES;
				CURRENT_PROJECT_VERSION = 1;
				ENABLE_PREVIEWS = YES;
				GENERATE_INFOPLIST_FILE = YES;
				INFOPLIST_KEY_NSHumanReadableCopyright = "";
				LD_RUNPATH_SEARCH_PATHS = (
					"$(inherited)",
					"@executable_path/../Frameworks",
				);
				MACOSX_DEPLOYMENT_TARGET = 12.3;
				MARKETING_VERSION = 1.0;
				PRODUCT_BUNDLE_IDENTIFIER = com.skyraan.swiftUIsection1.Task4;
				PRODUCT_NAME = Task4;
				SDKROOT = macosx;
				SWIFT_EMIT_LOC_STRINGS = YES;
				SWIFT_VERSION = 5.0;
			};
			name = Debug;
		};
		52B57DFF28D5A5C500787D59 /* Release */ = {
			isa = XCBuildConfiguration;
			buildSettings = {
				ASSETCATALOG_COMPILER_APPICON_NAME = AppIcon;
				ASSETCATALOG_COMPILER_GLOBAL_ACCENT_COLOR_NAME = AccentColor;
				CODE_SIGN_ENTITLEMENTS = macOS/macOS.entitlements;
				CODE_SIGN_STYLE = Automatic;
				COMBINE_HIDPI_IMAGES = YES;
				CURRENT_PROJECT_VERSION = 1;
				ENABLE_PREVIEWS = YES;
				GENERATE_INFOPLIST_FILE = YES;
				INFOPLIST_KEY_NSHumanReadableCopyright = "";
				LD_RUNPATH_SEARCH_PATHS = (
					"$(inherited)",
					"@executable_path/../Frameworks",
				);
				MACOSX_DEPLOYMENT_TARGET = 12.3;
				MARKETING_VERSION = 1.0;
				PRODUCT_BUNDLE_IDENTIFIER = com.skyraan.swiftUIsection1.Task4;
				PRODUCT_NAME = Task4;
				SDKROOT = macosx;
				SWIFT_EMIT_LOC_STRINGS = YES;
				SWIFT_VERSION = 5.0;
			};
			name = Release;
		};
		52B57E0128D5A5C500787D59 /* Debug */ = {
			isa = XCBuildConfiguration;
			buildSettings = {
				ALWAYS_EMBED_SWIFT_STANDARD_LIBRARIES = YES;
				CODE_SIGN_STYLE = Automatic;
				CURRENT_PROJECT_VERSION = 1;
				GENERATE_INFOPLIST_FILE = YES;
				IPHONEOS_DEPLOYMENT_TARGET = 15.5;
				MARKETING_VERSION = 1.0;
				PRODUCT_BUNDLE_IDENTIFIER = "com.skyraan.swiftUIsection1.Tests-iOS";
				PRODUCT_NAME = "$(TARGET_NAME)";
				SDKROOT = iphoneos;
				SWIFT_EMIT_LOC_STRINGS = NO;
				SWIFT_VERSION = 5.0;
				TARGETED_DEVICE_FAMILY = "1,2";
				TEST_TARGET_NAME = "Task4 (iOS)";
			};
			name = Debug;
		};
		52B57E0228D5A5C500787D59 /* Release */ = {
			isa = XCBuildConfiguration;
			buildSettings = {
				ALWAYS_EMBED_SWIFT_STANDARD_LIBRARIES = YES;
				CODE_SIGN_STYLE = Automatic;
				CURRENT_PROJECT_VERSION = 1;
				GENERATE_INFOPLIST_FILE = YES;
				IPHONEOS_DEPLOYMENT_TARGET = 15.5;
				MARKETING_VERSION = 1.0;
				PRODUCT_BUNDLE_IDENTIFIER = "com.skyraan.swiftUIsection1.Tests-iOS";
				PRODUCT_NAME = "$(TARGET_NAME)";
				SDKROOT = iphoneos;
				SWIFT_EMIT_LOC_STRINGS = NO;
				SWIFT_VERSION = 5.0;
				TARGETED_DEVICE_FAMILY = "1,2";
				TEST_TARGET_NAME = "Task4 (iOS)";
				VALIDATE_PRODUCT = YES;
			};
			name = Release;
		};
		52B57E0428D5A5C500787D59 /* Debug */ = {
			isa = XCBuildConfiguration;
			buildSettings = {
				ALWAYS_EMBED_SWIFT_STANDARD_LIBRARIES = YES;
				CODE_SIGN_STYLE = Automatic;
				CURRENT_PROJECT_VERSION = 1;
				GENERATE_INFOPLIST_FILE = YES;
				MACOSX_DEPLOYMENT_TARGET = 12.3;
				MARKETING_VERSION = 1.0;
				PRODUCT_BUNDLE_IDENTIFIER = "com.skyraan.swiftUIsection1.Tests-macOS";
				PRODUCT_NAME = "$(TARGET_NAME)";
				SDKROOT = macosx;
				SWIFT_EMIT_LOC_STRINGS = NO;
				SWIFT_VERSION = 5.0;
				TEST_TARGET_NAME = "Task4 (macOS)";
			};
			name = Debug;
		};
		52B57E0528D5A5C500787D59 /* Release */ = {
			isa = XCBuildConfiguration;
			buildSettings = {
				ALWAYS_EMBED_SWIFT_STANDARD_LIBRARIES = YES;
				CODE_SIGN_STYLE = Automatic;
				CURRENT_PROJECT_VERSION = 1;
				GENERATE_INFOPLIST_FILE = YES;
				MACOSX_DEPLOYMENT_TARGET = 12.3;
				MARKETING_VERSION = 1.0;
				PRODUCT_BUNDLE_IDENTIFIER = "com.skyraan.swiftUIsection1.Tests-macOS";
				PRODUCT_NAME = "$(TARGET_NAME)";
				SDKROOT = macosx;
				SWIFT_EMIT_LOC_STRINGS = NO;
				SWIFT_VERSION = 5.0;
				TEST_TARGET_NAME = "Task4 (macOS)";
			};
			name = Release;
		};
/* End XCBuildConfiguration section */

/* Begin XCConfigurationList section */
		52B57DC828D5A5C300787D59 /* Build configuration list for PBXProject "Task4" */ = {
			isa = XCConfigurationList;
			buildConfigurations = (
				52B57DF828D5A5C500787D59 /* Debug */,
				52B57DF928D5A5C500787D59 /* Release */,
			);
			defaultConfigurationIsVisible = 0;
			defaultConfigurationName = Release;
		};
		52B57DFA28D5A5C500787D59 /* Build configuration list for PBXNativeTarget "Task4 (iOS)" */ = {
			isa = XCConfigurationList;
			buildConfigurations = (
				52B57DFB28D5A5C500787D59 /* Debug */,
				52B57DFC28D5A5C500787D59 /* Release */,
			);
			defaultConfigurationIsVisible = 0;
			defaultConfigurationName = Release;
		};
		52B57DFD28D5A5C500787D59 /* Build configuration list for PBXNativeTarget "Task4 (macOS)" */ = {
			isa = XCConfigurationList;
			buildConfigurations = (
				52B57DFE28D5A5C500787D59 /* Debug */,
				52B57DFF28D5A5C500787D59 /* Release */,
			);
			defaultConfigurationIsVisible = 0;
			defaultConfigurationName = Release;
		};
		52B57E0028D5A5C500787D59 /* Build configuration list for PBXNativeTarget "Tests iOS" */ = {
			isa = XCConfigurationList;
			buildConfigurations = (
				52B57E0128D5A5C500787D59 /* Debug */,
				52B57E0228D5A5C500787D59 /* Release */,
			);
			defaultConfigurationIsVisible = 0;
			defaultConfigurationName = Release;
		};
		52B57E0328D5A5C500787D59 /* Build configuration list for PBXNativeTarget "Tests macOS" */ = {
			isa = XCConfigurationList;
			buildConfigurations = (
				52B57E0428D5A5C500787D59 /* Debug */,
				52B57E0528D5A5C500787D59 /* Release */,
			);
			defaultConfigurationIsVisible = 0;
			defaultConfigurationName = Release;
		};
/* End XCConfigurationList section */
	};
	rootObject = 52B57DC528D5A5C300787D59 /* Project object */;
}
