// !$*UTF8*$!
{
	archiveVersion = 1;
	classes = {
	};
	objectVersion = 55;
	objects = {

/* Begin PBXBuildFile section */
		523B47B728F527FB00AC90E6 /* EmailShare.swift in Sources */ = {isa = PBXBuildFile; fileRef = 523B47B628F527FB00AC90E6 /* EmailShare.swift */; };
		523B47B828F527FB00AC90E6 /* EmailShare.swift in Sources */ = {isa = PBXBuildFile; fileRef = 523B47B628F527FB00AC90E6 /* EmailShare.swift */; };
		5257E43F28DAE60500CD0D1F /* Tests_iOS.swift in Sources */ = {isa = PBXBuildFile; fileRef = 5257E43E28DAE60500CD0D1F /* Tests_iOS.swift */; };
		5257E44128DAE60500CD0D1F /* Tests_iOSLaunchTests.swift in Sources */ = {isa = PBXBuildFile; fileRef = 5257E44028DAE60500CD0D1F /* Tests_iOSLaunchTests.swift */; };
		5257E44B28DAE60500CD0D1F /* Tests_macOS.swift in Sources */ = {isa = PBXBuildFile; fileRef = 5257E44A28DAE60500CD0D1F /* Tests_macOS.swift */; };
		5257E44D28DAE60500CD0D1F /* Tests_macOSLaunchTests.swift in Sources */ = {isa = PBXBuildFile; fileRef = 5257E44C28DAE60500CD0D1F /* Tests_macOSLaunchTests.swift */; };
		5257E44E28DAE60500CD0D1F /* Task6App.swift in Sources */ = {isa = PBXBuildFile; fileRef = 5257E42628DAE60300CD0D1F /* Task6App.swift */; };
		5257E44F28DAE60500CD0D1F /* Task6App.swift in Sources */ = {isa = PBXBuildFile; fileRef = 5257E42628DAE60300CD0D1F /* Task6App.swift */; };
		5257E45028DAE60500CD0D1F /* ContentView.swift in Sources */ = {isa = PBXBuildFile; fileRef = 5257E42728DAE60300CD0D1F /* ContentView.swift */; };
		5257E45128DAE60500CD0D1F /* ContentView.swift in Sources */ = {isa = PBXBuildFile; fileRef = 5257E42728DAE60300CD0D1F /* ContentView.swift */; };
		5257E45228DAE60500CD0D1F /* Assets.xcassets in Resources */ = {isa = PBXBuildFile; fileRef = 5257E42828DAE60500CD0D1F /* Assets.xcassets */; };
		5257E45328DAE60500CD0D1F /* Assets.xcassets in Resources */ = {isa = PBXBuildFile; fileRef = 5257E42828DAE60500CD0D1F /* Assets.xcassets */; };
		5257E46328DAE66300CD0D1F /* ScreenA.swift in Sources */ = {isa = PBXBuildFile; fileRef = 5257E46228DAE66300CD0D1F /* ScreenA.swift */; };
		5257E46428DAE66300CD0D1F /* ScreenA.swift in Sources */ = {isa = PBXBuildFile; fileRef = 5257E46228DAE66300CD0D1F /* ScreenA.swift */; };
		5285B67F28DC27E70077A3C7 /* ScreenBCA.swift in Sources */ = {isa = PBXBuildFile; fileRef = 5285B67E28DC27E70077A3C7 /* ScreenBCA.swift */; };
		5285B68028DC27E70077A3C7 /* ScreenBCA.swift in Sources */ = {isa = PBXBuildFile; fileRef = 5285B67E28DC27E70077A3C7 /* ScreenBCA.swift */; };
		52FFF4F628DAEAF7007E0484 /* JsonController.swift in Sources */ = {isa = PBXBuildFile; fileRef = 52FFF4F528DAEAF6007E0484 /* JsonController.swift */; };
		52FFF4F728DAEAF7007E0484 /* JsonController.swift in Sources */ = {isa = PBXBuildFile; fileRef = 52FFF4F528DAEAF6007E0484 /* JsonController.swift */; };
		52FFF4FA28DAF332007E0484 /* MyDataModel.xcdatamodeld in Sources */ = {isa = PBXBuildFile; fileRef = 52FFF4F828DAF332007E0484 /* MyDataModel.xcdatamodeld */; };
		52FFF4FB28DAF332007E0484 /* MyDataModel.xcdatamodeld in Sources */ = {isa = PBXBuildFile; fileRef = 52FFF4F828DAF332007E0484 /* MyDataModel.xcdatamodeld */; };
		52FFF50328DB0E64007E0484 /* CoreDataController.swift in Sources */ = {isa = PBXBuildFile; fileRef = 52FFF50228DB0E64007E0484 /* CoreDataController.swift */; };
		52FFF50428DB0E64007E0484 /* CoreDataController.swift in Sources */ = {isa = PBXBuildFile; fileRef = 52FFF50228DB0E64007E0484 /* CoreDataController.swift */; };
		52FFF50628DB1BA8007E0484 /* ImageWithURL.swift in Sources */ = {isa = PBXBuildFile; fileRef = 52FFF50528DB1BA8007E0484 /* ImageWithURL.swift */; };
		52FFF50728DB1BA8007E0484 /* ImageWithURL.swift in Sources */ = {isa = PBXBuildFile; fileRef = 52FFF50528DB1BA8007E0484 /* ImageWithURL.swift */; };
/* End PBXBuildFile section */

/* Begin PBXContainerItemProxy section */
		5257E43B28DAE60500CD0D1F /* PBXContainerItemProxy */ = {
			isa = PBXContainerItemProxy;
			containerPortal = 5257E42128DAE60300CD0D1F /* Project object */;
			proxyType = 1;
			remoteGlobalIDString = 5257E42C28DAE60500CD0D1F;
			remoteInfo = "Task6 (iOS)";
		};
		5257E44728DAE60500CD0D1F /* PBXContainerItemProxy */ = {
			isa = PBXContainerItemProxy;
			containerPortal = 5257E42128DAE60300CD0D1F /* Project object */;
			proxyType = 1;
			remoteGlobalIDString = 5257E43228DAE60500CD0D1F;
			remoteInfo = "Task6 (macOS)";
		};
/* End PBXContainerItemProxy section */

/* Begin PBXFileReference section */
		523B47B628F527FB00AC90E6 /* EmailShare.swift */ = {isa = PBXFileReference; lastKnownFileType = sourcecode.swift; path = EmailShare.swift; sourceTree = "<group>"; };
		5257E42628DAE60300CD0D1F /* Task6App.swift */ = {isa = PBXFileReference; lastKnownFileType = sourcecode.swift; path = Task6App.swift; sourceTree = "<group>"; };
		5257E42728DAE60300CD0D1F /* ContentView.swift */ = {isa = PBXFileReference; lastKnownFileType = sourcecode.swift; path = ContentView.swift; sourceTree = "<group>"; };
		5257E42828DAE60500CD0D1F /* Assets.xcassets */ = {isa = PBXFileReference; lastKnownFileType = folder.assetcatalog; path = Assets.xcassets; sourceTree = "<group>"; };
		5257E42D28DAE60500CD0D1F /* Task6.app */ = {isa = PBXFileReference; explicitFileType = wrapper.application; includeInIndex = 0; path = Task6.app; sourceTree = BUILT_PRODUCTS_DIR; };
		5257E43328DAE60500CD0D1F /* Task6.app */ = {isa = PBXFileReference; explicitFileType = wrapper.application; includeInIndex = 0; path = Task6.app; sourceTree = BUILT_PRODUCTS_DIR; };
		5257E43528DAE60500CD0D1F /* macOS.entitlements */ = {isa = PBXFileReference; lastKnownFileType = text.plist.entitlements; path = macOS.entitlements; sourceTree = "<group>"; };
		5257E43A28DAE60500CD0D1F /* Tests iOS.xctest */ = {isa = PBXFileReference; explicitFileType = wrapper.cfbundle; includeInIndex = 0; path = "Tests iOS.xctest"; sourceTree = BUILT_PRODUCTS_DIR; };
		5257E43E28DAE60500CD0D1F /* Tests_iOS.swift */ = {isa = PBXFileReference; lastKnownFileType = sourcecode.swift; path = Tests_iOS.swift; sourceTree = "<group>"; };
		5257E44028DAE60500CD0D1F /* Tests_iOSLaunchTests.swift */ = {isa = PBXFileReference; lastKnownFileType = sourcecode.swift; path = Tests_iOSLaunchTests.swift; sourceTree = "<group>"; };
		5257E44628DAE60500CD0D1F /* Tests macOS.xctest */ = {isa = PBXFileReference; explicitFileType = wrapper.cfbundle; includeInIndex = 0; path = "Tests macOS.xctest"; sourceTree = BUILT_PRODUCTS_DIR; };
		5257E44A28DAE60500CD0D1F /* Tests_macOS.swift */ = {isa = PBXFileReference; lastKnownFileType = sourcecode.swift; path = Tests_macOS.swift; sourceTree = "<group>"; };
		5257E44C28DAE60500CD0D1F /* Tests_macOSLaunchTests.swift */ = {isa = PBXFileReference; lastKnownFileType = sourcecode.swift; path = Tests_macOSLaunchTests.swift; sourceTree = "<group>"; };
		5257E46228DAE66300CD0D1F /* ScreenA.swift */ = {isa = PBXFileReference; lastKnownFileType = sourcecode.swift; path = ScreenA.swift; sourceTree = "<group>"; };
		5285B67E28DC27E70077A3C7 /* ScreenBCA.swift */ = {isa = PBXFileReference; lastKnownFileType = sourcecode.swift; path = ScreenBCA.swift; sourceTree = "<group>"; };
		52FFF4F528DAEAF6007E0484 /* JsonController.swift */ = {isa = PBXFileReference; lastKnownFileType = sourcecode.swift; path = JsonController.swift; sourceTree = "<group>"; };
		52FFF4F928DAF332007E0484 /* MyDataModel.xcdatamodel */ = {isa = PBXFileReference; lastKnownFileType = wrapper.xcdatamodel; path = MyDataModel.xcdatamodel; sourceTree = "<group>"; };
		52FFF50228DB0E64007E0484 /* CoreDataController.swift */ = {isa = PBXFileReference; lastKnownFileType = sourcecode.swift; path = CoreDataController.swift; sourceTree = "<group>"; };
		52FFF50528DB1BA8007E0484 /* ImageWithURL.swift */ = {isa = PBXFileReference; fileEncoding = 4; lastKnownFileType = sourcecode.swift; path = ImageWithURL.swift; sourceTree = "<group>"; };
/* End PBXFileReference section */

/* Begin PBXFrameworksBuildPhase section */
		5257E42A28DAE60500CD0D1F /* Frameworks */ = {
			isa = PBXFrameworksBuildPhase;
			buildActionMask = 2147483647;
			files = (
			);
			runOnlyForDeploymentPostprocessing = 0;
		};
		5257E43028DAE60500CD0D1F /* Frameworks */ = {
			isa = PBXFrameworksBuildPhase;
			buildActionMask = 2147483647;
			files = (
			);
			runOnlyForDeploymentPostprocessing = 0;
		};
		5257E43728DAE60500CD0D1F /* Frameworks */ = {
			isa = PBXFrameworksBuildPhase;
			buildActionMask = 2147483647;
			files = (
			);
			runOnlyForDeploymentPostprocessing = 0;
		};
		5257E44328DAE60500CD0D1F /* Frameworks */ = {
			isa = PBXFrameworksBuildPhase;
			buildActionMask = 2147483647;
			files = (
			);
			runOnlyForDeploymentPostprocessing = 0;
		};
/* End PBXFrameworksBuildPhase section */

/* Begin PBXGroup section */
		5257E42028DAE60300CD0D1F = {
			isa = PBXGroup;
			children = (
				5257E42528DAE60300CD0D1F /* Shared */,
				5257E43428DAE60500CD0D1F /* macOS */,
				5257E43D28DAE60500CD0D1F /* Tests iOS */,
				5257E44928DAE60500CD0D1F /* Tests macOS */,
				5257E42E28DAE60500CD0D1F /* Products */,
			);
			sourceTree = "<group>";
		};
		5257E42528DAE60300CD0D1F /* Shared */ = {
			isa = PBXGroup;
			children = (
				5257E42628DAE60300CD0D1F /* Task6App.swift */,
				5257E42728DAE60300CD0D1F /* ContentView.swift */,
				5257E46228DAE66300CD0D1F /* ScreenA.swift */,
				5285B67E28DC27E70077A3C7 /* ScreenBCA.swift */,
				523B47B628F527FB00AC90E6 /* EmailShare.swift */,
				52FFF50528DB1BA8007E0484 /* ImageWithURL.swift */,
				5257E42828DAE60500CD0D1F /* Assets.xcassets */,
				52FFF4F528DAEAF6007E0484 /* JsonController.swift */,
				52FFF4F828DAF332007E0484 /* MyDataModel.xcdatamodeld */,
				52FFF50228DB0E64007E0484 /* CoreDataController.swift */,
			);
			path = Shared;
			sourceTree = "<group>";
		};
		5257E42E28DAE60500CD0D1F /* Products */ = {
			isa = PBXGroup;
			children = (
				5257E42D28DAE60500CD0D1F /* Task6.app */,
				5257E43328DAE60500CD0D1F /* Task6.app */,
				5257E43A28DAE60500CD0D1F /* Tests iOS.xctest */,
				5257E44628DAE60500CD0D1F /* Tests macOS.xctest */,
			);
			name = Products;
			sourceTree = "<group>";
		};
		5257E43428DAE60500CD0D1F /* macOS */ = {
			isa = PBXGroup;
			children = (
				5257E43528DAE60500CD0D1F /* macOS.entitlements */,
			);
			path = macOS;
			sourceTree = "<group>";
		};
		5257E43D28DAE60500CD0D1F /* Tests iOS */ = {
			isa = PBXGroup;
			children = (
				5257E43E28DAE60500CD0D1F /* Tests_iOS.swift */,
				5257E44028DAE60500CD0D1F /* Tests_iOSLaunchTests.swift */,
			);
			path = "Tests iOS";
			sourceTree = "<group>";
		};
		5257E44928DAE60500CD0D1F /* Tests macOS */ = {
			isa = PBXGroup;
			children = (
				5257E44A28DAE60500CD0D1F /* Tests_macOS.swift */,
				5257E44C28DAE60500CD0D1F /* Tests_macOSLaunchTests.swift */,
			);
			path = "Tests macOS";
			sourceTree = "<group>";
		};
/* End PBXGroup section */

/* Begin PBXNativeTarget section */
		5257E42C28DAE60500CD0D1F /* Task6 (iOS) */ = {
			isa = PBXNativeTarget;
			buildConfigurationList = 5257E45628DAE60500CD0D1F /* Build configuration list for PBXNativeTarget "Task6 (iOS)" */;
			buildPhases = (
				5257E42928DAE60500CD0D1F /* Sources */,
				5257E42A28DAE60500CD0D1F /* Frameworks */,
				5257E42B28DAE60500CD0D1F /* Resources */,
			);
			buildRules = (
			);
			dependencies = (
			);
			name = "Task6 (iOS)";
			productName = "Task6 (iOS)";
			productReference = 5257E42D28DAE60500CD0D1F /* Task6.app */;
			productType = "com.apple.product-type.application";
		};
		5257E43228DAE60500CD0D1F /* Task6 (macOS) */ = {
			isa = PBXNativeTarget;
			buildConfigurationList = 5257E45928DAE60500CD0D1F /* Build configuration list for PBXNativeTarget "Task6 (macOS)" */;
			buildPhases = (
				5257E42F28DAE60500CD0D1F /* Sources */,
				5257E43028DAE60500CD0D1F /* Frameworks */,
				5257E43128DAE60500CD0D1F /* Resources */,
			);
			buildRules = (
			);
			dependencies = (
			);
			name = "Task6 (macOS)";
			productName = "Task6 (macOS)";
			productReference = 5257E43328DAE60500CD0D1F /* Task6.app */;
			productType = "com.apple.product-type.application";
		};
		5257E43928DAE60500CD0D1F /* Tests iOS */ = {
			isa = PBXNativeTarget;
			buildConfigurationList = 5257E45C28DAE60500CD0D1F /* Build configuration list for PBXNativeTarget "Tests iOS" */;
			buildPhases = (
				5257E43628DAE60500CD0D1F /* Sources */,
				5257E43728DAE60500CD0D1F /* Frameworks */,
				5257E43828DAE60500CD0D1F /* Resources */,
			);
			buildRules = (
			);
			dependencies = (
				5257E43C28DAE60500CD0D1F /* PBXTargetDependency */,
			);
			name = "Tests iOS";
			productName = "Tests iOS";
			productReference = 5257E43A28DAE60500CD0D1F /* Tests iOS.xctest */;
			productType = "com.apple.product-type.bundle.ui-testing";
		};
		5257E44528DAE60500CD0D1F /* Tests macOS */ = {
			isa = PBXNativeTarget;
			buildConfigurationList = 5257E45F28DAE60500CD0D1F /* Build configuration list for PBXNativeTarget "Tests macOS" */;
			buildPhases = (
				5257E44228DAE60500CD0D1F /* Sources */,
				5257E44328DAE60500CD0D1F /* Frameworks */,
				5257E44428DAE60500CD0D1F /* Resources */,
			);
			buildRules = (
			);
			dependencies = (
				5257E44828DAE60500CD0D1F /* PBXTargetDependency */,
			);
			name = "Tests macOS";
			productName = "Tests macOS";
			productReference = 5257E44628DAE60500CD0D1F /* Tests macOS.xctest */;
			productType = "com.apple.product-type.bundle.ui-testing";
		};
/* End PBXNativeTarget section */

/* Begin PBXProject section */
		5257E42128DAE60300CD0D1F /* Project object */ = {
			isa = PBXProject;
			attributes = {
				BuildIndependentTargetsInParallel = 1;
				LastSwiftUpdateCheck = 1340;
				LastUpgradeCheck = 1340;
				TargetAttributes = {
					5257E42C28DAE60500CD0D1F = {
						CreatedOnToolsVersion = 13.4.1;
					};
					5257E43228DAE60500CD0D1F = {
						CreatedOnToolsVersion = 13.4.1;
					};
					5257E43928DAE60500CD0D1F = {
						CreatedOnToolsVersion = 13.4.1;
						TestTargetID = 5257E42C28DAE60500CD0D1F;
					};
					5257E44528DAE60500CD0D1F = {
						CreatedOnToolsVersion = 13.4.1;
						TestTargetID = 5257E43228DAE60500CD0D1F;
					};
				};
			};
			buildConfigurationList = 5257E42428DAE60300CD0D1F /* Build configuration list for PBXProject "Task6" */;
			compatibilityVersion = "Xcode 13.0";
			developmentRegion = en;
			hasScannedForEncodings = 0;
			knownRegions = (
				en,
				Base,
			);
			mainGroup = 5257E42028DAE60300CD0D1F;
			productRefGroup = 5257E42E28DAE60500CD0D1F /* Products */;
			projectDirPath = "";
			projectRoot = "";
			targets = (
				5257E42C28DAE60500CD0D1F /* Task6 (iOS) */,
				5257E43228DAE60500CD0D1F /* Task6 (macOS) */,
				5257E43928DAE60500CD0D1F /* Tests iOS */,
				5257E44528DAE60500CD0D1F /* Tests macOS */,
			);
		};
/* End PBXProject section */

/* Begin PBXResourcesBuildPhase section */
		5257E42B28DAE60500CD0D1F /* Resources */ = {
			isa = PBXResourcesBuildPhase;
			buildActionMask = 2147483647;
			files = (
				5257E45228DAE60500CD0D1F /* Assets.xcassets in Resources */,
			);
			runOnlyForDeploymentPostprocessing = 0;
		};
		5257E43128DAE60500CD0D1F /* Resources */ = {
			isa = PBXResourcesBuildPhase;
			buildActionMask = 2147483647;
			files = (
				5257E45328DAE60500CD0D1F /* Assets.xcassets in Resources */,
			);
			runOnlyForDeploymentPostprocessing = 0;
		};
		5257E43828DAE60500CD0D1F /* Resources */ = {
			isa = PBXResourcesBuildPhase;
			buildActionMask = 2147483647;
			files = (
			);
			runOnlyForDeploymentPostprocessing = 0;
		};
		5257E44428DAE60500CD0D1F /* Resources */ = {
			isa = PBXResourcesBuildPhase;
			buildActionMask = 2147483647;
			files = (
			);
			runOnlyForDeploymentPostprocessing = 0;
		};
/* End PBXResourcesBuildPhase section */

/* Begin PBXSourcesBuildPhase section */
		5257E42928DAE60500CD0D1F /* Sources */ = {
			isa = PBXSourcesBuildPhase;
			buildActionMask = 2147483647;
			files = (
				5285B67F28DC27E70077A3C7 /* ScreenBCA.swift in Sources */,
				5257E46328DAE66300CD0D1F /* ScreenA.swift in Sources */,
				52FFF50628DB1BA8007E0484 /* ImageWithURL.swift in Sources */,
				5257E45028DAE60500CD0D1F /* ContentView.swift in Sources */,
				52FFF50328DB0E64007E0484 /* CoreDataController.swift in Sources */,
				523B47B728F527FB00AC90E6 /* EmailShare.swift in Sources */,
				52FFF4F628DAEAF7007E0484 /* JsonController.swift in Sources */,
				52FFF4FA28DAF332007E0484 /* MyDataModel.xcdatamodeld in Sources */,
				5257E44E28DAE60500CD0D1F /* Task6App.swift in Sources */,
			);
			runOnlyForDeploymentPostprocessing = 0;
		};
		5257E42F28DAE60500CD0D1F /* Sources */ = {
			isa = PBXSourcesBuildPhase;
			buildActionMask = 2147483647;
			files = (
				5285B68028DC27E70077A3C7 /* ScreenBCA.swift in Sources */,
				5257E46428DAE66300CD0D1F /* ScreenA.swift in Sources */,
				52FFF50728DB1BA8007E0484 /* ImageWithURL.swift in Sources */,
				5257E45128DAE60500CD0D1F /* ContentView.swift in Sources */,
				52FFF50428DB0E64007E0484 /* CoreDataController.swift in Sources */,
				523B47B828F527FB00AC90E6 /* EmailShare.swift in Sources */,
				52FFF4F728DAEAF7007E0484 /* JsonController.swift in Sources */,
				52FFF4FB28DAF332007E0484 /* MyDataModel.xcdatamodeld in Sources */,
				5257E44F28DAE60500CD0D1F /* Task6App.swift in Sources */,
			);
			runOnlyForDeploymentPostprocessing = 0;
		};
		5257E43628DAE60500CD0D1F /* Sources */ = {
			isa = PBXSourcesBuildPhase;
			buildActionMask = 2147483647;
			files = (
				5257E44128DAE60500CD0D1F /* Tests_iOSLaunchTests.swift in Sources */,
				5257E43F28DAE60500CD0D1F /* Tests_iOS.swift in Sources */,
			);
			runOnlyForDeploymentPostprocessing = 0;
		};
		5257E44228DAE60500CD0D1F /* Sources */ = {
			isa = PBXSourcesBuildPhase;
			buildActionMask = 2147483647;
			files = (
				5257E44D28DAE60500CD0D1F /* Tests_macOSLaunchTests.swift in Sources */,
				5257E44B28DAE60500CD0D1F /* Tests_macOS.swift in Sources */,
			);
			runOnlyForDeploymentPostprocessing = 0;
		};
/* End PBXSourcesBuildPhase section */

/* Begin PBXTargetDependency section */
		5257E43C28DAE60500CD0D1F /* PBXTargetDependency */ = {
			isa = PBXTargetDependency;
			target = 5257E42C28DAE60500CD0D1F /* Task6 (iOS) */;
			targetProxy = 5257E43B28DAE60500CD0D1F /* PBXContainerItemProxy */;
		};
		5257E44828DAE60500CD0D1F /* PBXTargetDependency */ = {
			isa = PBXTargetDependency;
			target = 5257E43228DAE60500CD0D1F /* Task6 (macOS) */;
			targetProxy = 5257E44728DAE60500CD0D1F /* PBXContainerItemProxy */;
		};
/* End PBXTargetDependency section */

/* Begin XCBuildConfiguration section */
		5257E45428DAE60500CD0D1F /* Debug */ = {
			isa = XCBuildConfiguration;
			buildSettings = {
				ALWAYS_SEARCH_USER_PATHS = NO;
				CLANG_ANALYZER_NONNULL = YES;
				CLANG_ANALYZER_NUMBER_OBJECT_CONVERSION = YES_AGGRESSIVE;
				CLANG_CXX_LANGUAGE_STANDARD = "gnu++17";
				CLANG_ENABLE_MODULES = YES;
				CLANG_ENABLE_OBJC_ARC = YES;
				CLANG_ENABLE_OBJC_WEAK = YES;
				CLANG_WARN_BLOCK_CAPTURE_AUTORELEASING = YES;
				CLANG_WARN_BOOL_CONVERSION = YES;
				CLANG_WARN_COMMA = YES;
				CLANG_WARN_CONSTANT_CONVERSION = YES;
				CLANG_WARN_DEPRECATED_OBJC_IMPLEMENTATIONS = YES;
				CLANG_WARN_DIRECT_OBJC_ISA_USAGE = YES_ERROR;
				CLANG_WARN_DOCUMENTATION_COMMENTS = YES;
				CLANG_WARN_EMPTY_BODY = YES;
				CLANG_WARN_ENUM_CONVERSION = YES;
				CLANG_WARN_INFINITE_RECURSION = YES;
				CLANG_WARN_INT_CONVERSION = YES;
				CLANG_WARN_NON_LITERAL_NULL_CONVERSION = YES;
				CLANG_WARN_OBJC_IMPLICIT_RETAIN_SELF = YES;
				CLANG_WARN_OBJC_LITERAL_CONVERSION = YES;
				CLANG_WARN_OBJC_ROOT_CLASS = YES_ERROR;
				CLANG_WARN_QUOTED_INCLUDE_IN_FRAMEWORK_HEADER = YES;
				CLANG_WARN_RANGE_LOOP_ANALYSIS = YES;
				CLANG_WARN_STRICT_PROTOTYPES = YES;
				CLANG_WARN_SUSPICIOUS_MOVE = YES;
				CLANG_WARN_UNGUARDED_AVAILABILITY = YES_AGGRESSIVE;
				CLANG_WARN_UNREACHABLE_CODE = YES;
				CLANG_WARN__DUPLICATE_METHOD_MATCH = YES;
				COPY_PHASE_STRIP = NO;
				DEBUG_INFORMATION_FORMAT = dwarf;
				ENABLE_STRICT_OBJC_MSGSEND = YES;
				ENABLE_TESTABILITY = YES;
				GCC_C_LANGUAGE_STANDARD = gnu11;
				GCC_DYNAMIC_NO_PIC = NO;
				GCC_NO_COMMON_BLOCKS = YES;
				GCC_OPTIMIZATION_LEVEL = 0;
				GCC_PREPROCESSOR_DEFINITIONS = (
					"DEBUG=1",
					"$(inherited)",
				);
				GCC_WARN_64_TO_32_BIT_CONVERSION = YES;
				GCC_WARN_ABOUT_RETURN_TYPE = YES_ERROR;
				GCC_WARN_UNDECLARED_SELECTOR = YES;
				GCC_WARN_UNINITIALIZED_AUTOS = YES_AGGRESSIVE;
				GCC_WARN_UNUSED_FUNCTION = YES;
				GCC_WARN_UNUSED_VARIABLE = YES;
				MTL_ENABLE_DEBUG_INFO = INCLUDE_SOURCE;
				MTL_FAST_MATH = YES;
				ONLY_ACTIVE_ARCH = YES;
				SWIFT_ACTIVE_COMPILATION_CONDITIONS = DEBUG;
				SWIFT_OPTIMIZATION_LEVEL = "-Onone";
			};
			name = Debug;
		};
		5257E45528DAE60500CD0D1F /* Release */ = {
			isa = XCBuildConfiguration;
			buildSettings = {
				ALWAYS_SEARCH_USER_PATHS = NO;
				CLANG_ANALYZER_NONNULL = YES;
				CLANG_ANALYZER_NUMBER_OBJECT_CONVERSION = YES_AGGRESSIVE;
				CLANG_CXX_LANGUAGE_STANDARD = "gnu++17";
				CLANG_ENABLE_MODULES = YES;
				CLANG_ENABLE_OBJC_ARC = YES;
				CLANG_ENABLE_OBJC_WEAK = YES;
				CLANG_WARN_BLOCK_CAPTURE_AUTORELEASING = YES;
				CLANG_WARN_BOOL_CONVERSION = YES;
				CLANG_WARN_COMMA = YES;
				CLANG_WARN_CONSTANT_CONVERSION = YES;
				CLANG_WARN_DEPRECATED_OBJC_IMPLEMENTATIONS = YES;
				CLANG_WARN_DIRECT_OBJC_ISA_USAGE = YES_ERROR;
				CLANG_WARN_DOCUMENTATION_COMMENTS = YES;
				CLANG_WARN_EMPTY_BODY = YES;
				CLANG_WARN_ENUM_CONVERSION = YES;
				CLANG_WARN_INFINITE_RECURSION = YES;
				CLANG_WARN_INT_CONVERSION = YES;
				CLANG_WARN_NON_LITERAL_NULL_CONVERSION = YES;
				CLANG_WARN_OBJC_IMPLICIT_RETAIN_SELF = YES;
				CLANG_WARN_OBJC_LITERAL_CONVERSION = YES;
				CLANG_WARN_OBJC_ROOT_CLASS = YES_ERROR;
				CLANG_WARN_QUOTED_INCLUDE_IN_FRAMEWORK_HEADER = YES;
				CLANG_WARN_RANGE_LOOP_ANALYSIS = YES;
				CLANG_WARN_STRICT_PROTOTYPES = YES;
				CLANG_WARN_SUSPICIOUS_MOVE = YES;
				CLANG_WARN_UNGUARDED_AVAILABILITY = YES_AGGRESSIVE;
				CLANG_WARN_UNREACHABLE_CODE = YES;
				CLANG_WARN__DUPLICATE_METHOD_MATCH = YES;
				COPY_PHASE_STRIP = NO;
				DEBUG_INFORMATION_FORMAT = "dwarf-with-dsym";
				ENABLE_NS_ASSERTIONS = NO;
				ENABLE_STRICT_OBJC_MSGSEND = YES;
				GCC_C_LANGUAGE_STANDARD = gnu11;
				GCC_NO_COMMON_BLOCKS = YES;
				GCC_WARN_64_TO_32_BIT_CONVERSION = YES;
				GCC_WARN_ABOUT_RETURN_TYPE = YES_ERROR;
				GCC_WARN_UNDECLARED_SELECTOR = YES;
				GCC_WARN_UNINITIALIZED_AUTOS = YES_AGGRESSIVE;
				GCC_WARN_UNUSED_FUNCTION = YES;
				GCC_WARN_UNUSED_VARIABLE = YES;
				MTL_ENABLE_DEBUG_INFO = NO;
				MTL_FAST_MATH = YES;
				SWIFT_COMPILATION_MODE = wholemodule;
				SWIFT_OPTIMIZATION_LEVEL = "-O";
			};
			name = Release;
		};
		5257E45728DAE60500CD0D1F /* Debug */ = {
			isa = XCBuildConfiguration;
			buildSettings = {
				ASSETCATALOG_COMPILER_APPICON_NAME = AppIcon;
				ASSETCATALOG_COMPILER_GLOBAL_ACCENT_COLOR_NAME = AccentColor;
				CODE_SIGN_STYLE = Automatic;
				CURRENT_PROJECT_VERSION = 1;
				ENABLE_PREVIEWS = YES;
				GENERATE_INFOPLIST_FILE = YES;
				INFOPLIST_KEY_UIApplicationSceneManifest_Generation = YES;
				INFOPLIST_KEY_UIApplicationSupportsIndirectInputEvents = YES;
				INFOPLIST_KEY_UILaunchScreen_Generation = YES;
				INFOPLIST_KEY_UISupportedInterfaceOrientations_iPad = "UIInterfaceOrientationPortrait UIInterfaceOrientationPortraitUpsideDown UIInterfaceOrientationLandscapeLeft UIInterfaceOrientationLandscapeRight";
				INFOPLIST_KEY_UISupportedInterfaceOrientations_iPhone = "UIInterfaceOrientationPortrait UIInterfaceOrientationLandscapeLeft UIInterfaceOrientationLandscapeRight";
				IPHONEOS_DEPLOYMENT_TARGET = 15.5;
				LD_RUNPATH_SEARCH_PATHS = (
					"$(inherited)",
					"@executable_path/Frameworks",
				);
				MARKETING_VERSION = 1.0;
				PRODUCT_BUNDLE_IDENTIFIER = com.skyraan.swiftUIsection1.Task6;
				PRODUCT_NAME = Task6;
				SDKROOT = iphoneos;
				SWIFT_EMIT_LOC_STRINGS = YES;
				SWIFT_VERSION = 5.0;
				TARGETED_DEVICE_FAMILY = "1,2";
			};
			name = Debug;
		};
		5257E45828DAE60500CD0D1F /* Release */ = {
			isa = XCBuildConfiguration;
			buildSettings = {
				ASSETCATALOG_COMPILER_APPICON_NAME = AppIcon;
				ASSETCATALOG_COMPILER_GLOBAL_ACCENT_COLOR_NAME = AccentColor;
				CODE_SIGN_STYLE = Automatic;
				CURRENT_PROJECT_VERSION = 1;
				ENABLE_PREVIEWS = YES;
				GENERATE_INFOPLIST_FILE = YES;
				INFOPLIST_KEY_UIApplicationSceneManifest_Generation = YES;
				INFOPLIST_KEY_UIApplicationSupportsIndirectInputEvents = YES;
				INFOPLIST_KEY_UILaunchScreen_Generation = YES;
				INFOPLIST_KEY_UISupportedInterfaceOrientations_iPad = "UIInterfaceOrientationPortrait UIInterfaceOrientationPortraitUpsideDown UIInterfaceOrientationLandscapeLeft UIInterfaceOrientationLandscapeRight";
				INFOPLIST_KEY_UISupportedInterfaceOrientations_iPhone = "UIInterfaceOrientationPortrait UIInterfaceOrientationLandscapeLeft UIInterfaceOrientationLandscapeRight";
				IPHONEOS_DEPLOYMENT_TARGET = 15.5;
				LD_RUNPATH_SEARCH_PATHS = (
					"$(inherited)",
					"@executable_path/Frameworks",
				);
				MARKETING_VERSION = 1.0;
				PRODUCT_BUNDLE_IDENTIFIER = com.skyraan.swiftUIsection1.Task6;
				PRODUCT_NAME = Task6;
				SDKROOT = iphoneos;
				SWIFT_EMIT_LOC_STRINGS = YES;
				SWIFT_VERSION = 5.0;
				TARGETED_DEVICE_FAMILY = "1,2";
				VALIDATE_PRODUCT = YES;
			};
			name = Release;
		};
		5257E45A28DAE60500CD0D1F /* Debug */ = {
			isa = XCBuildConfiguration;
			buildSettings = {
				ASSETCATALOG_COMPILER_APPICON_NAME = AppIcon;
				ASSETCATALOG_COMPILER_GLOBAL_ACCENT_COLOR_NAME = AccentColor;
				CODE_SIGN_ENTITLEMENTS = macOS/macOS.entitlements;
				CODE_SIGN_STYLE = Automatic;
				COMBINE_HIDPI_IMAGES = YES;
				CURRENT_PROJECT_VERSION = 1;
				ENABLE_PREVIEWS = YES;
				GENERATE_INFOPLIST_FILE = YES;
				INFOPLIST_KEY_NSHumanReadableCopyright = "";
				LD_RUNPATH_SEARCH_PATHS = (
					"$(inherited)",
					"@executable_path/../Frameworks",
				);
				MACOSX_DEPLOYMENT_TARGET = 12.3;
				MARKETING_VERSION = 1.0;
				PRODUCT_BUNDLE_IDENTIFIER = com.skyraan.swiftUIsection1.Task6;
				PRODUCT_NAME = Task6;
				SDKROOT = macosx;
				SWIFT_EMIT_LOC_STRINGS = YES;
				SWIFT_VERSION = 5.0;
			};
			name = Debug;
		};
		5257E45B28DAE60500CD0D1F /* Release */ = {
			isa = XCBuildConfiguration;
			buildSettings = {
				ASSETCATALOG_COMPILER_APPICON_NAME = AppIcon;
				ASSETCATALOG_COMPILER_GLOBAL_ACCENT_COLOR_NAME = AccentColor;
				CODE_SIGN_ENTITLEMENTS = macOS/macOS.entitlements;
				CODE_SIGN_STYLE = Automatic;
				COMBINE_HIDPI_IMAGES = YES;
				CURRENT_PROJECT_VERSION = 1;
				ENABLE_PREVIEWS = YES;
				GENERATE_INFOPLIST_FILE = YES;
				INFOPLIST_KEY_NSHumanReadableCopyright = "";
				LD_RUNPATH_SEARCH_PATHS = (
					"$(inherited)",
					"@executable_path/../Frameworks",
				);
				MACOSX_DEPLOYMENT_TARGET = 12.3;
				MARKETING_VERSION = 1.0;
				PRODUCT_BUNDLE_IDENTIFIER = com.skyraan.swiftUIsection1.Task6;
				PRODUCT_NAME = Task6;
				SDKROOT = macosx;
				SWIFT_EMIT_LOC_STRINGS = YES;
				SWIFT_VERSION = 5.0;
			};
			name = Release;
		};
		5257E45D28DAE60500CD0D1F /* Debug */ = {
			isa = XCBuildConfiguration;
			buildSettings = {
				ALWAYS_EMBED_SWIFT_STANDARD_LIBRARIES = YES;
				CODE_SIGN_STYLE = Automatic;
				CURRENT_PROJECT_VERSION = 1;
				GENERATE_INFOPLIST_FILE = YES;
				IPHONEOS_DEPLOYMENT_TARGET = 15.5;
				MARKETING_VERSION = 1.0;
				PRODUCT_BUNDLE_IDENTIFIER = "com.skyraan.swiftUIsection1.Tests-iOS";
				PRODUCT_NAME = "$(TARGET_NAME)";
				SDKROOT = iphoneos;
				SWIFT_EMIT_LOC_STRINGS = NO;
				SWIFT_VERSION = 5.0;
				TARGETED_DEVICE_FAMILY = "1,2";
				TEST_TARGET_NAME = "Task6 (iOS)";
			};
			name = Debug;
		};
		5257E45E28DAE60500CD0D1F /* Release */ = {
			isa = XCBuildConfiguration;
			buildSettings = {
				ALWAYS_EMBED_SWIFT_STANDARD_LIBRARIES = YES;
				CODE_SIGN_STYLE = Automatic;
				CURRENT_PROJECT_VERSION = 1;
				GENERATE_INFOPLIST_FILE = YES;
				IPHONEOS_DEPLOYMENT_TARGET = 15.5;
				MARKETING_VERSION = 1.0;
				PRODUCT_BUNDLE_IDENTIFIER = "com.skyraan.swiftUIsection1.Tests-iOS";
				PRODUCT_NAME = "$(TARGET_NAME)";
				SDKROOT = iphoneos;
				SWIFT_EMIT_LOC_STRINGS = NO;
				SWIFT_VERSION = 5.0;
				TARGETED_DEVICE_FAMILY = "1,2";
				TEST_TARGET_NAME = "Task6 (iOS)";
				VALIDATE_PRODUCT = YES;
			};
			name = Release;
		};
		5257E46028DAE60500CD0D1F /* Debug */ = {
			isa = XCBuildConfiguration;
			buildSettings = {
				ALWAYS_EMBED_SWIFT_STANDARD_LIBRARIES = YES;
				CODE_SIGN_STYLE = Automatic;
				CURRENT_PROJECT_VERSION = 1;
				GENERATE_INFOPLIST_FILE = YES;
				MACOSX_DEPLOYMENT_TARGET = 12.3;
				MARKETING_VERSION = 1.0;
				PRODUCT_BUNDLE_IDENTIFIER = "com.skyraan.swiftUIsection1.Tests-macOS";
				PRODUCT_NAME = "$(TARGET_NAME)";
				SDKROOT = macosx;
				SWIFT_EMIT_LOC_STRINGS = NO;
				SWIFT_VERSION = 5.0;
				TEST_TARGET_NAME = "Task6 (macOS)";
			};
			name = Debug;
		};
		5257E46128DAE60500CD0D1F /* Release */ = {
			isa = XCBuildConfiguration;
			buildSettings = {
				ALWAYS_EMBED_SWIFT_STANDARD_LIBRARIES = YES;
				CODE_SIGN_STYLE = Automatic;
				CURRENT_PROJECT_VERSION = 1;
				GENERATE_INFOPLIST_FILE = YES;
				MACOSX_DEPLOYMENT_TARGET = 12.3;
				MARKETING_VERSION = 1.0;
				PRODUCT_BUNDLE_IDENTIFIER = "com.skyraan.swiftUIsection1.Tests-macOS";
				PRODUCT_NAME = "$(TARGET_NAME)";
				SDKROOT = macosx;
				SWIFT_EMIT_LOC_STRINGS = NO;
				SWIFT_VERSION = 5.0;
				TEST_TARGET_NAME = "Task6 (macOS)";
			};
			name = Release;
		};
/* End XCBuildConfiguration section */

/* Begin XCConfigurationList section */
		5257E42428DAE60300CD0D1F /* Build configuration list for PBXProject "Task6" */ = {
			isa = XCConfigurationList;
			buildConfigurations = (
				5257E45428DAE60500CD0D1F /* Debug */,
				5257E45528DAE60500CD0D1F /* Release */,
			);
			defaultConfigurationIsVisible = 0;
			defaultConfigurationName = Release;
		};
		5257E45628DAE60500CD0D1F /* Build configuration list for PBXNativeTarget "Task6 (iOS)" */ = {
			isa = XCConfigurationList;
			buildConfigurations = (
				5257E45728DAE60500CD0D1F /* Debug */,
				5257E45828DAE60500CD0D1F /* Release */,
			);
			defaultConfigurationIsVisible = 0;
			defaultConfigurationName = Release;
		};
		5257E45928DAE60500CD0D1F /* Build configuration list for PBXNativeTarget "Task6 (macOS)" */ = {
			isa = XCConfigurationList;
			buildConfigurations = (
				5257E45A28DAE60500CD0D1F /* Debug */,
				5257E45B28DAE60500CD0D1F /* Release */,
			);
			defaultConfigurationIsVisible = 0;
			defaultConfigurationName = Release;
		};
		5257E45C28DAE60500CD0D1F /* Build configuration list for PBXNativeTarget "Tests iOS" */ = {
			isa = XCConfigurationList;
			buildConfigurations = (
				5257E45D28DAE60500CD0D1F /* Debug */,
				5257E45E28DAE60500CD0D1F /* Release */,
			);
			defaultConfigurationIsVisible = 0;
			defaultConfigurationName = Release;
		};
		5257E45F28DAE60500CD0D1F /* Build configuration list for PBXNativeTarget "Tests macOS" */ = {
			isa = XCConfigurationList;
			buildConfigurations = (
				5257E46028DAE60500CD0D1F /* Debug */,
				5257E46128DAE60500CD0D1F /* Release */,
			);
			defaultConfigurationIsVisible = 0;
			defaultConfigurationName = Release;
		};
/* End XCConfigurationList section */

/* Begin XCVersionGroup section */
		52FFF4F828DAF332007E0484 /* MyDataModel.xcdatamodeld */ = {
			isa = XCVersionGroup;
			children = (
				52FFF4F928DAF332007E0484 /* MyDataModel.xcdatamodel */,
			);
			currentVersion = 52FFF4F928DAF332007E0484 /* MyDataModel.xcdatamodel */;
			path = MyDataModel.xcdatamodeld;
			sourceTree = "<group>";
			versionGroupType = wrapper.xcdatamodel;
		};
/* End XCVersionGroup section */
	};
	rootObject = 5257E42128DAE60300CD0D1F /* Project object */;
}
